// !$*UTF8*$!
{
	archiveVersion = 1;
	classes = {
	};
	objectVersion = 56;
	objects = {

/* Begin PBXBuildFile section */
		A5758EDE36ED4D857AA2FEF8 /* libPods-Hear1.a in Frameworks */ = {isa = PBXBuildFile; fileRef = 44F9B0050D9EB2BF79D85658 /* libPods-Hear1.a */; };
		DA0A3EE029F0CB710089CDAA /* ChatGPTStreamClient.swift in Sources */ = {isa = PBXBuildFile; fileRef = DA0A3EDF29F0CB710089CDAA /* ChatGPTStreamClient.swift */; };
		DA1EACFE29EFC1B0005D8714 /* ViewController.swift in Sources */ = {isa = PBXBuildFile; fileRef = DA1EACFD29EFC1B0005D8714 /* ViewController.swift */; };
		DA1EAD0029EFF832005D8714 /* 13.mp3 in Resources */ = {isa = PBXBuildFile; fileRef = DA1EACFF29EFF832005D8714 /* 13.mp3 */; };
		DA31EA1829E177E700A4F3B9 /* AppDelegate.swift in Sources */ = {isa = PBXBuildFile; fileRef = DA31EA1729E177E700A4F3B9 /* AppDelegate.swift */; };
		DA31EA1A29E177E700A4F3B9 /* SceneDelegate.swift in Sources */ = {isa = PBXBuildFile; fileRef = DA31EA1929E177E700A4F3B9 /* SceneDelegate.swift */; };
		DA31EA1F29E177E700A4F3B9 /* Main.storyboard in Resources */ = {isa = PBXBuildFile; fileRef = DA31EA1D29E177E700A4F3B9 /* Main.storyboard */; };
		DA31EA2129E177E900A4F3B9 /* Assets.xcassets in Resources */ = {isa = PBXBuildFile; fileRef = DA31EA2029E177E900A4F3B9 /* Assets.xcassets */; };
		DA31EA2429E177E900A4F3B9 /* LaunchScreen.storyboard in Resources */ = {isa = PBXBuildFile; fileRef = DA31EA2229E177E900A4F3B9 /* LaunchScreen.storyboard */; };
		DA31EA2F29E177E900A4F3B9 /* Hear1Tests.swift in Sources */ = {isa = PBXBuildFile; fileRef = DA31EA2E29E177E900A4F3B9 /* Hear1Tests.swift */; };
		DA31EA3929E177E900A4F3B9 /* Hear1UITests.swift in Sources */ = {isa = PBXBuildFile; fileRef = DA31EA3829E177E900A4F3B9 /* Hear1UITests.swift */; };
		DA31EA3B29E177E900A4F3B9 /* Hear1UITestsLaunchTests.swift in Sources */ = {isa = PBXBuildFile; fileRef = DA31EA3A29E177E900A4F3B9 /* Hear1UITestsLaunchTests.swift */; };
		DA31EA4A29E180DA00A4F3B9 /* SeeController.swift in Sources */ = {isa = PBXBuildFile; fileRef = DA31EA4929E180DA00A4F3B9 /* SeeController.swift */; };
/* End PBXBuildFile section */

/* Begin PBXContainerItemProxy section */
		DA31EA2B29E177E900A4F3B9 /* PBXContainerItemProxy */ = {
			isa = PBXContainerItemProxy;
			containerPortal = DA31EA0C29E177E700A4F3B9 /* Project object */;
			proxyType = 1;
			remoteGlobalIDString = DA31EA1329E177E700A4F3B9;
			remoteInfo = Hear1;
		};
		DA31EA3529E177E900A4F3B9 /* PBXContainerItemProxy */ = {
			isa = PBXContainerItemProxy;
			containerPortal = DA31EA0C29E177E700A4F3B9 /* Project object */;
			proxyType = 1;
			remoteGlobalIDString = DA31EA1329E177E700A4F3B9;
			remoteInfo = Hear1;
		};
/* End PBXContainerItemProxy section */

/* Begin PBXFileReference section */
		44F9B0050D9EB2BF79D85658 /* libPods-Hear1.a */ = {isa = PBXFileReference; explicitFileType = archive.ar; includeInIndex = 0; path = "libPods-Hear1.a"; sourceTree = BUILT_PRODUCTS_DIR; };
		8E2B81551EBC09D3D5F0F8FC /* Pods-Hear1.debug.xcconfig */ = {isa = PBXFileReference; includeInIndex = 1; lastKnownFileType = text.xcconfig; name = "Pods-Hear1.debug.xcconfig"; path = "Target Support Files/Pods-Hear1/Pods-Hear1.debug.xcconfig"; sourceTree = "<group>"; };
		DA0A3EDF29F0CB710089CDAA /* ChatGPTStreamClient.swift */ = {isa = PBXFileReference; lastKnownFileType = sourcecode.swift; path = ChatGPTStreamClient.swift; sourceTree = "<group>"; };
		DA0A3EE129F0CFEC0089CDAA /* Podfile */ = {isa = PBXFileReference; lastKnownFileType = text; path = Podfile; sourceTree = "<group>"; };
		DA0A3F0A29F0DDFF0089CDAA /* Headers */ = {isa = PBXFileReference; lastKnownFileType = folder; name = Headers; path = Pods/Headers; sourceTree = "<group>"; };
		DA1EACFD29EFC1B0005D8714 /* ViewController.swift */ = {isa = PBXFileReference; lastKnownFileType = sourcecode.swift; path = ViewController.swift; sourceTree = "<group>"; };
		DA1EACFF29EFF832005D8714 /* 13.mp3 */ = {isa = PBXFileReference; lastKnownFileType = audio.mp3; name = 13.mp3; path = "../../../Music/网易云音乐/13.mp3"; sourceTree = "<group>"; };
		DA31EA1429E177E700A4F3B9 /* Hear1.app */ = {isa = PBXFileReference; explicitFileType = wrapper.application; includeInIndex = 0; path = Hear1.app; sourceTree = BUILT_PRODUCTS_DIR; };
		DA31EA1729E177E700A4F3B9 /* AppDelegate.swift */ = {isa = PBXFileReference; lastKnownFileType = sourcecode.swift; path = AppDelegate.swift; sourceTree = "<group>"; };
		DA31EA1929E177E700A4F3B9 /* SceneDelegate.swift */ = {isa = PBXFileReference; lastKnownFileType = sourcecode.swift; path = SceneDelegate.swift; sourceTree = "<group>"; };
		DA31EA1B29E177E700A4F3B9 /* ViewController.bak */ = {isa = PBXFileReference; lastKnownFileType = text; path = ViewController.bak; sourceTree = "<group>"; };
		DA31EA1E29E177E700A4F3B9 /* Base */ = {isa = PBXFileReference; lastKnownFileType = file.storyboard; name = Base; path = Base.lproj/Main.storyboard; sourceTree = "<group>"; };
		DA31EA2029E177E900A4F3B9 /* Assets.xcassets */ = {isa = PBXFileReference; lastKnownFileType = folder.assetcatalog; path = Assets.xcassets; sourceTree = "<group>"; };
		DA31EA2329E177E900A4F3B9 /* Base */ = {isa = PBXFileReference; lastKnownFileType = file.storyboard; name = Base; path = Base.lproj/LaunchScreen.storyboard; sourceTree = "<group>"; };
		DA31EA2529E177E900A4F3B9 /* Info.plist */ = {isa = PBXFileReference; lastKnownFileType = text.plist.xml; path = Info.plist; sourceTree = "<group>"; };
		DA31EA2A29E177E900A4F3B9 /* Hear1Tests.xctest */ = {isa = PBXFileReference; explicitFileType = wrapper.cfbundle; includeInIndex = 0; path = Hear1Tests.xctest; sourceTree = BUILT_PRODUCTS_DIR; };
		DA31EA2E29E177E900A4F3B9 /* Hear1Tests.swift */ = {isa = PBXFileReference; lastKnownFileType = sourcecode.swift; path = Hear1Tests.swift; sourceTree = "<group>"; };
		DA31EA3429E177E900A4F3B9 /* Hear1UITests.xctest */ = {isa = PBXFileReference; explicitFileType = wrapper.cfbundle; includeInIndex = 0; path = Hear1UITests.xctest; sourceTree = BUILT_PRODUCTS_DIR; };
		DA31EA3829E177E900A4F3B9 /* Hear1UITests.swift */ = {isa = PBXFileReference; lastKnownFileType = sourcecode.swift; path = Hear1UITests.swift; sourceTree = "<group>"; };
		DA31EA3A29E177E900A4F3B9 /* Hear1UITestsLaunchTests.swift */ = {isa = PBXFileReference; lastKnownFileType = sourcecode.swift; path = Hear1UITestsLaunchTests.swift; sourceTree = "<group>"; };
		DA31EA4729E1804500A4F3B9 /* SeeMe.swift */ = {isa = PBXFileReference; lastKnownFileType = sourcecode.swift; path = SeeMe.swift; sourceTree = "<group>"; };
		DA31EA4929E180DA00A4F3B9 /* SeeController.swift */ = {isa = PBXFileReference; lastKnownFileType = sourcecode.swift; path = SeeController.swift; sourceTree = "<group>"; };
		DAE7002A29F035920039643C /* StreamingTextParser.swift */ = {isa = PBXFileReference; lastKnownFileType = sourcecode.swift; path = StreamingTextParser.swift; sourceTree = "<group>"; };
		F3FC4190DF3C40EC615A9F87 /* Pods-Hear1.release.xcconfig */ = {isa = PBXFileReference; includeInIndex = 1; lastKnownFileType = text.xcconfig; name = "Pods-Hear1.release.xcconfig"; path = "Target Support Files/Pods-Hear1/Pods-Hear1.release.xcconfig"; sourceTree = "<group>"; };
/* End PBXFileReference section */

/* Begin PBXFrameworksBuildPhase section */
		DA31EA1129E177E700A4F3B9 /* Frameworks */ = {
			isa = PBXFrameworksBuildPhase;
			buildActionMask = 2147483647;
			files = (
				A5758EDE36ED4D857AA2FEF8 /* libPods-Hear1.a in Frameworks */,
			);
			runOnlyForDeploymentPostprocessing = 0;
		};
		DA31EA2729E177E900A4F3B9 /* Frameworks */ = {
			isa = PBXFrameworksBuildPhase;
			buildActionMask = 2147483647;
			files = (
			);
			runOnlyForDeploymentPostprocessing = 0;
		};
		DA31EA3129E177E900A4F3B9 /* Frameworks */ = {
			isa = PBXFrameworksBuildPhase;
			buildActionMask = 2147483647;
			files = (
			);
			runOnlyForDeploymentPostprocessing = 0;
		};
/* End PBXFrameworksBuildPhase section */

/* Begin PBXGroup section */
		6EA1F287A14FE04D636695B1 /* Frameworks */ = {
			isa = PBXGroup;
			children = (
				44F9B0050D9EB2BF79D85658 /* libPods-Hear1.a */,
			);
			name = Frameworks;
			sourceTree = "<group>";
		};
		849D8F644438F2AA9E6E13AF /* Pods */ = {
			isa = PBXGroup;
			children = (
				8E2B81551EBC09D3D5F0F8FC /* Pods-Hear1.debug.xcconfig */,
				F3FC4190DF3C40EC615A9F87 /* Pods-Hear1.release.xcconfig */,
			);
			path = Pods;
			sourceTree = "<group>";
		};
		DA31EA0B29E177E700A4F3B9 = {
			isa = PBXGroup;
			children = (
				DA0A3F0A29F0DDFF0089CDAA /* Headers */,
				DA0A3EE129F0CFEC0089CDAA /* Podfile */,
				DA31EA1629E177E700A4F3B9 /* Hear1 */,
				DA31EA2D29E177E900A4F3B9 /* Hear1Tests */,
				DA31EA3729E177E900A4F3B9 /* Hear1UITests */,
				DA31EA1529E177E700A4F3B9 /* Products */,
				849D8F644438F2AA9E6E13AF /* Pods */,
				6EA1F287A14FE04D636695B1 /* Frameworks */,
			);
			sourceTree = "<group>";
		};
		DA31EA1529E177E700A4F3B9 /* Products */ = {
			isa = PBXGroup;
			children = (
				DA31EA1429E177E700A4F3B9 /* Hear1.app */,
				DA31EA2A29E177E900A4F3B9 /* Hear1Tests.xctest */,
				DA31EA3429E177E900A4F3B9 /* Hear1UITests.xctest */,
			);
			name = Products;
			sourceTree = "<group>";
		};
		DA31EA1629E177E700A4F3B9 /* Hear1 */ = {
			isa = PBXGroup;
			children = (
				DA1EACFF29EFF832005D8714 /* 13.mp3 */,
				DA31EA1729E177E700A4F3B9 /* AppDelegate.swift */,
				DA31EA1929E177E700A4F3B9 /* SceneDelegate.swift */,
				DA31EA1B29E177E700A4F3B9 /* ViewController.bak */,
				DA31EA1D29E177E700A4F3B9 /* Main.storyboard */,
				DA31EA2029E177E900A4F3B9 /* Assets.xcassets */,
				DA31EA2229E177E900A4F3B9 /* LaunchScreen.storyboard */,
				DA31EA4729E1804500A4F3B9 /* SeeMe.swift */,
				DA31EA2529E177E900A4F3B9 /* Info.plist */,
				DA31EA4929E180DA00A4F3B9 /* SeeController.swift */,
				DA1EACFD29EFC1B0005D8714 /* ViewController.swift */,
				DAE7002A29F035920039643C /* StreamingTextParser.swift */,
				DA0A3EDF29F0CB710089CDAA /* ChatGPTStreamClient.swift */,
			);
			path = Hear1;
			sourceTree = "<group>";
		};
		DA31EA2D29E177E900A4F3B9 /* Hear1Tests */ = {
			isa = PBXGroup;
			children = (
				DA31EA2E29E177E900A4F3B9 /* Hear1Tests.swift */,
			);
			path = Hear1Tests;
			sourceTree = "<group>";
		};
		DA31EA3729E177E900A4F3B9 /* Hear1UITests */ = {
			isa = PBXGroup;
			children = (
				DA31EA3829E177E900A4F3B9 /* Hear1UITests.swift */,
				DA31EA3A29E177E900A4F3B9 /* Hear1UITestsLaunchTests.swift */,
			);
			path = Hear1UITests;
			sourceTree = "<group>";
		};
/* End PBXGroup section */

/* Begin PBXNativeTarget section */
		DA31EA1329E177E700A4F3B9 /* Hear1 */ = {
			isa = PBXNativeTarget;
			buildConfigurationList = DA31EA3E29E177E900A4F3B9 /* Build configuration list for PBXNativeTarget "Hear1" */;
			buildPhases = (
				039E4F9E41D2FD96257EC15F /* [CP] Check Pods Manifest.lock */,
				DA31EA1029E177E700A4F3B9 /* Sources */,
				DA31EA1129E177E700A4F3B9 /* Frameworks */,
				DA31EA1229E177E700A4F3B9 /* Resources */,
				B034F4F6437DD595BE6D4BEC /* [CP] Copy Pods Resources */,
			);
			buildRules = (
			);
			dependencies = (
			);
			name = Hear1;
			productName = Hear1;
			productReference = DA31EA1429E177E700A4F3B9 /* Hear1.app */;
			productType = "com.apple.product-type.application";
		};
		DA31EA2929E177E900A4F3B9 /* Hear1Tests */ = {
			isa = PBXNativeTarget;
			buildConfigurationList = DA31EA4129E177E900A4F3B9 /* Build configuration list for PBXNativeTarget "Hear1Tests" */;
			buildPhases = (
				DA31EA2629E177E900A4F3B9 /* Sources */,
				DA31EA2729E177E900A4F3B9 /* Frameworks */,
				DA31EA2829E177E900A4F3B9 /* Resources */,
			);
			buildRules = (
			);
			dependencies = (
				DA31EA2C29E177E900A4F3B9 /* PBXTargetDependency */,
			);
			name = Hear1Tests;
			productName = Hear1Tests;
			productReference = DA31EA2A29E177E900A4F3B9 /* Hear1Tests.xctest */;
			productType = "com.apple.product-type.bundle.unit-test";
		};
		DA31EA3329E177E900A4F3B9 /* Hear1UITests */ = {
			isa = PBXNativeTarget;
			buildConfigurationList = DA31EA4429E177E900A4F3B9 /* Build configuration list for PBXNativeTarget "Hear1UITests" */;
			buildPhases = (
				DA31EA3029E177E900A4F3B9 /* Sources */,
				DA31EA3129E177E900A4F3B9 /* Frameworks */,
				DA31EA3229E177E900A4F3B9 /* Resources */,
			);
			buildRules = (
			);
			dependencies = (
				DA31EA3629E177E900A4F3B9 /* PBXTargetDependency */,
			);
			name = Hear1UITests;
			productName = Hear1UITests;
			productReference = DA31EA3429E177E900A4F3B9 /* Hear1UITests.xctest */;
			productType = "com.apple.product-type.bundle.ui-testing";
		};
/* End PBXNativeTarget section */

/* Begin PBXProject section */
		DA31EA0C29E177E700A4F3B9 /* Project object */ = {
			isa = PBXProject;
			attributes = {
				BuildIndependentTargetsInParallel = 1;
				LastSwiftUpdateCheck = 1430;
				LastUpgradeCheck = 1430;
				TargetAttributes = {
					DA31EA1329E177E700A4F3B9 = {
						CreatedOnToolsVersion = 14.3;
					};
					DA31EA2929E177E900A4F3B9 = {
						CreatedOnToolsVersion = 14.3;
						TestTargetID = DA31EA1329E177E700A4F3B9;
					};
					DA31EA3329E177E900A4F3B9 = {
						CreatedOnToolsVersion = 14.3;
						TestTargetID = DA31EA1329E177E700A4F3B9;
					};
				};
			};
			buildConfigurationList = DA31EA0F29E177E700A4F3B9 /* Build configuration list for PBXProject "Hear1" */;
			compatibilityVersion = "Xcode 14.0";
			developmentRegion = en;
			hasScannedForEncodings = 0;
			knownRegions = (
				en,
				Base,
			);
			mainGroup = DA31EA0B29E177E700A4F3B9;
			productRefGroup = DA31EA1529E177E700A4F3B9 /* Products */;
			projectDirPath = "";
			projectRoot = "";
			targets = (
				DA31EA1329E177E700A4F3B9 /* Hear1 */,
				DA31EA2929E177E900A4F3B9 /* Hear1Tests */,
				DA31EA3329E177E900A4F3B9 /* Hear1UITests */,
			);
		};
/* End PBXProject section */

/* Begin PBXResourcesBuildPhase section */
		DA31EA1229E177E700A4F3B9 /* Resources */ = {
			isa = PBXResourcesBuildPhase;
			buildActionMask = 2147483647;
			files = (
				DA31EA2429E177E900A4F3B9 /* LaunchScreen.storyboard in Resources */,
				DA31EA2129E177E900A4F3B9 /* Assets.xcassets in Resources */,
				DA31EA1F29E177E700A4F3B9 /* Main.storyboard in Resources */,
				DA1EAD0029EFF832005D8714 /* 13.mp3 in Resources */,
			);
			runOnlyForDeploymentPostprocessing = 0;
		};
		DA31EA2829E177E900A4F3B9 /* Resources */ = {
			isa = PBXResourcesBuildPhase;
			buildActionMask = 2147483647;
			files = (
			);
			runOnlyForDeploymentPostprocessing = 0;
		};
		DA31EA3229E177E900A4F3B9 /* Resources */ = {
			isa = PBXResourcesBuildPhase;
			buildActionMask = 2147483647;
			files = (
			);
			runOnlyForDeploymentPostprocessing = 0;
		};
/* End PBXResourcesBuildPhase section */

/* Begin PBXShellScriptBuildPhase section */
		039E4F9E41D2FD96257EC15F /* [CP] Check Pods Manifest.lock */ = {
			isa = PBXShellScriptBuildPhase;
			buildActionMask = 2147483647;
			files = (
			);
			inputFileListPaths = (
			);
			inputPaths = (
				"${PODS_PODFILE_DIR_PATH}/Podfile.lock",
				"${PODS_ROOT}/Manifest.lock",
			);
			name = "[CP] Check Pods Manifest.lock";
			outputFileListPaths = (
			);
			outputPaths = (
				"$(DERIVED_FILE_DIR)/Pods-Hear1-checkManifestLockResult.txt",
			);
			runOnlyForDeploymentPostprocessing = 0;
			shellPath = /bin/sh;
			shellScript = "diff \"${PODS_PODFILE_DIR_PATH}/Podfile.lock\" \"${PODS_ROOT}/Manifest.lock\" > /dev/null\nif [ $? != 0 ] ; then\n    # print error to STDERR\n    echo \"error: The sandbox is not in sync with the Podfile.lock. Run 'pod install' or update your CocoaPods installation.\" >&2\n    exit 1\nfi\n# This output is used by Xcode 'outputs' to avoid re-running this script phase.\necho \"SUCCESS\" > \"${SCRIPT_OUTPUT_FILE_0}\"\n";
			showEnvVarsInLog = 0;
		};
		B034F4F6437DD595BE6D4BEC /* [CP] Copy Pods Resources */ = {
			isa = PBXShellScriptBuildPhase;
			buildActionMask = 2147483647;
			files = (
			);
			inputFileListPaths = (
				"${PODS_ROOT}/Target Support Files/Pods-Hear1/Pods-Hear1-resources-${CONFIGURATION}-input-files.xcfilelist",
			);
			name = "[CP] Copy Pods Resources";
			outputFileListPaths = (
				"${PODS_ROOT}/Target Support Files/Pods-Hear1/Pods-Hear1-resources-${CONFIGURATION}-output-files.xcfilelist",
			);
			runOnlyForDeploymentPostprocessing = 0;
			shellPath = /bin/sh;
			shellScript = "\"${PODS_ROOT}/Target Support Files/Pods-Hear1/Pods-Hear1-resources.sh\"\n";
			showEnvVarsInLog = 0;
		};
/* End PBXShellScriptBuildPhase section */

/* Begin PBXSourcesBuildPhase section */
		DA31EA1029E177E700A4F3B9 /* Sources */ = {
			isa = PBXSourcesBuildPhase;
			buildActionMask = 2147483647;
			files = (
				DA1EACFE29EFC1B0005D8714 /* ViewController.swift in Sources */,
				DA0A3EE029F0CB710089CDAA /* ChatGPTStreamClient.swift in Sources */,
				DA31EA4A29E180DA00A4F3B9 /* SeeController.swift in Sources */,
				DA31EA1829E177E700A4F3B9 /* AppDelegate.swift in Sources */,
				DA31EA1A29E177E700A4F3B9 /* SceneDelegate.swift in Sources */,
			);
			runOnlyForDeploymentPostprocessing = 0;
		};
		DA31EA2629E177E900A4F3B9 /* Sources */ = {
			isa = PBXSourcesBuildPhase;
			buildActionMask = 2147483647;
			files = (
				DA31EA2F29E177E900A4F3B9 /* Hear1Tests.swift in Sources */,
			);
			runOnlyForDeploymentPostprocessing = 0;
		};
		DA31EA3029E177E900A4F3B9 /* Sources */ = {
			isa = PBXSourcesBuildPhase;
			buildActionMask = 2147483647;
			files = (
				DA31EA3B29E177E900A4F3B9 /* Hear1UITestsLaunchTests.swift in Sources */,
				DA31EA3929E177E900A4F3B9 /* Hear1UITests.swift in Sources */,
			);
			runOnlyForDeploymentPostprocessing = 0;
		};
/* End PBXSourcesBuildPhase section */

/* Begin PBXTargetDependency section */
		DA31EA2C29E177E900A4F3B9 /* PBXTargetDependency */ = {
			isa = PBXTargetDependency;
			target = DA31EA1329E177E700A4F3B9 /* Hear1 */;
			targetProxy = DA31EA2B29E177E900A4F3B9 /* PBXContainerItemProxy */;
		};
		DA31EA3629E177E900A4F3B9 /* PBXTargetDependency */ = {
			isa = PBXTargetDependency;
			target = DA31EA1329E177E700A4F3B9 /* Hear1 */;
			targetProxy = DA31EA3529E177E900A4F3B9 /* PBXContainerItemProxy */;
		};
/* End PBXTargetDependency section */

/* Begin PBXVariantGroup section */
		DA31EA1D29E177E700A4F3B9 /* Main.storyboard */ = {
			isa = PBXVariantGroup;
			children = (
				DA31EA1E29E177E700A4F3B9 /* Base */,
			);
			name = Main.storyboard;
			sourceTree = "<group>";
		};
		DA31EA2229E177E900A4F3B9 /* LaunchScreen.storyboard */ = {
			isa = PBXVariantGroup;
			children = (
				DA31EA2329E177E900A4F3B9 /* Base */,
			);
			name = LaunchScreen.storyboard;
			sourceTree = "<group>";
		};
/* End PBXVariantGroup section */

/* Begin XCBuildConfiguration section */
		DA31EA3C29E177E900A4F3B9 /* Debug */ = {
			isa = XCBuildConfiguration;
			buildSettings = {
				ALWAYS_SEARCH_USER_PATHS = NO;
				CLANG_ANALYZER_NONNULL = YES;
				CLANG_ANALYZER_NUMBER_OBJECT_CONVERSION = YES_AGGRESSIVE;
				CLANG_CXX_LANGUAGE_STANDARD = "gnu++20";
				CLANG_ENABLE_MODULES = YES;
				CLANG_ENABLE_OBJC_ARC = YES;
				CLANG_ENABLE_OBJC_WEAK = YES;
				CLANG_WARN_BLOCK_CAPTURE_AUTORELEASING = YES;
				CLANG_WARN_BOOL_CONVERSION = YES;
				CLANG_WARN_COMMA = YES;
				CLANG_WARN_CONSTANT_CONVERSION = YES;
				CLANG_WARN_DEPRECATED_OBJC_IMPLEMENTATIONS = YES;
				CLANG_WARN_DIRECT_OBJC_ISA_USAGE = YES_ERROR;
				CLANG_WARN_DOCUMENTATION_COMMENTS = YES;
				CLANG_WARN_EMPTY_BODY = YES;
				CLANG_WARN_ENUM_CONVERSION = YES;
				CLANG_WARN_INFINITE_RECURSION = YES;
				CLANG_WARN_INT_CONVERSION = YES;
				CLANG_WARN_NON_LITERAL_NULL_CONVERSION = YES;
				CLANG_WARN_OBJC_IMPLICIT_RETAIN_SELF = YES;
				CLANG_WARN_OBJC_LITERAL_CONVERSION = YES;
				CLANG_WARN_OBJC_ROOT_CLASS = YES_ERROR;
				CLANG_WARN_QUOTED_INCLUDE_IN_FRAMEWORK_HEADER = YES;
				CLANG_WARN_RANGE_LOOP_ANALYSIS = YES;
				CLANG_WARN_STRICT_PROTOTYPES = YES;
				CLANG_WARN_SUSPICIOUS_MOVE = YES;
				CLANG_WARN_UNGUARDED_AVAILABILITY = YES_AGGRESSIVE;
				CLANG_WARN_UNREACHABLE_CODE = YES;
				CLANG_WARN__DUPLICATE_METHOD_MATCH = YES;
				COPY_PHASE_STRIP = NO;
				DEBUG_INFORMATION_FORMAT = dwarf;
				ENABLE_STRICT_OBJC_MSGSEND = YES;
				ENABLE_TESTABILITY = YES;
				GCC_C_LANGUAGE_STANDARD = gnu11;
				GCC_DYNAMIC_NO_PIC = NO;
				GCC_NO_COMMON_BLOCKS = YES;
				GCC_OPTIMIZATION_LEVEL = 0;
				GCC_PREPROCESSOR_DEFINITIONS = (
					"DEBUG=1",
					"$(inherited)",
				);
				GCC_WARN_64_TO_32_BIT_CONVERSION = YES;
				GCC_WARN_ABOUT_RETURN_TYPE = YES_ERROR;
				GCC_WARN_UNDECLARED_SELECTOR = YES;
				GCC_WARN_UNINITIALIZED_AUTOS = YES_AGGRESSIVE;
				GCC_WARN_UNUSED_FUNCTION = YES;
				GCC_WARN_UNUSED_VARIABLE = YES;
				IPHONEOS_DEPLOYMENT_TARGET = 16.4;
				MTL_ENABLE_DEBUG_INFO = INCLUDE_SOURCE;
				MTL_FAST_MATH = YES;
				ONLY_ACTIVE_ARCH = YES;
				SDKROOT = iphoneos;
				SWIFT_ACTIVE_COMPILATION_CONDITIONS = DEBUG;
				SWIFT_OPTIMIZATION_LEVEL = "-Onone";
			};
			name = Debug;
		};
		DA31EA3D29E177E900A4F3B9 /* Release */ = {
			isa = XCBuildConfiguration;
			buildSettings = {
				ALWAYS_SEARCH_USER_PATHS = NO;
				CLANG_ANALYZER_NONNULL = YES;
				CLANG_ANALYZER_NUMBER_OBJECT_CONVERSION = YES_AGGRESSIVE;
				CLANG_CXX_LANGUAGE_STANDARD = "gnu++20";
				CLANG_ENABLE_MODULES = YES;
				CLANG_ENABLE_OBJC_ARC = YES;
				CLANG_ENABLE_OBJC_WEAK = YES;
				CLANG_WARN_BLOCK_CAPTURE_AUTORELEASING = YES;
				CLANG_WARN_BOOL_CONVERSION = YES;
				CLANG_WARN_COMMA = YES;
				CLANG_WARN_CONSTANT_CONVERSION = YES;
				CLANG_WARN_DEPRECATED_OBJC_IMPLEMENTATIONS = YES;
				CLANG_WARN_DIRECT_OBJC_ISA_USAGE = YES_ERROR;
				CLANG_WARN_DOCUMENTATION_COMMENTS = YES;
				CLANG_WARN_EMPTY_BODY = YES;
				CLANG_WARN_ENUM_CONVERSION = YES;
				CLANG_WARN_INFINITE_RECURSION = YES;
				CLANG_WARN_INT_CONVERSION = YES;
				CLANG_WARN_NON_LITERAL_NULL_CONVERSION = YES;
				CLANG_WARN_OBJC_IMPLICIT_RETAIN_SELF = YES;
				CLANG_WARN_OBJC_LITERAL_CONVERSION = YES;
				CLANG_WARN_OBJC_ROOT_CLASS = YES_ERROR;
				CLANG_WARN_QUOTED_INCLUDE_IN_FRAMEWORK_HEADER = YES;
				CLANG_WARN_RANGE_LOOP_ANALYSIS = YES;
				CLANG_WARN_STRICT_PROTOTYPES = YES;
				CLANG_WARN_SUSPICIOUS_MOVE = YES;
				CLANG_WARN_UNGUARDED_AVAILABILITY = YES_AGGRESSIVE;
				CLANG_WARN_UNREACHABLE_CODE = YES;
				CLANG_WARN__DUPLICATE_METHOD_MATCH = YES;
				COPY_PHASE_STRIP = NO;
				DEBUG_INFORMATION_FORMAT = "dwarf-with-dsym";
				ENABLE_NS_ASSERTIONS = NO;
				ENABLE_STRICT_OBJC_MSGSEND = YES;
				GCC_C_LANGUAGE_STANDARD = gnu11;
				GCC_NO_COMMON_BLOCKS = YES;
				GCC_WARN_64_TO_32_BIT_CONVERSION = YES;
				GCC_WARN_ABOUT_RETURN_TYPE = YES_ERROR;
				GCC_WARN_UNDECLARED_SELECTOR = YES;
				GCC_WARN_UNINITIALIZED_AUTOS = YES_AGGRESSIVE;
				GCC_WARN_UNUSED_FUNCTION = YES;
				GCC_WARN_UNUSED_VARIABLE = YES;
				IPHONEOS_DEPLOYMENT_TARGET = 16.4;
				MTL_ENABLE_DEBUG_INFO = NO;
				MTL_FAST_MATH = YES;
				SDKROOT = iphoneos;
				SWIFT_COMPILATION_MODE = wholemodule;
				SWIFT_OPTIMIZATION_LEVEL = "-O";
				VALIDATE_PRODUCT = YES;
			};
			name = Release;
		};
		DA31EA3F29E177E900A4F3B9 /* Debug */ = {
			isa = XCBuildConfiguration;
			baseConfigurationReference = 8E2B81551EBC09D3D5F0F8FC /* Pods-Hear1.debug.xcconfig */;
			buildSettings = {
				ASSETCATALOG_COMPILER_APPICON_NAME = AppIcon;
				ASSETCATALOG_COMPILER_GLOBAL_ACCENT_COLOR_NAME = AccentColor;
				CODE_SIGN_STYLE = Automatic;
				CURRENT_PROJECT_VERSION = 1;
				DEVELOPMENT_TEAM = L676QKV8JC;
				GENERATE_INFOPLIST_FILE = YES;
				INFOPLIST_FILE = Hear1/Info.plist;
				INFOPLIST_KEY_LSApplicationCategoryType = Info.plist;
				INFOPLIST_KEY_UIApplicationSupportsIndirectInputEvents = YES;
				INFOPLIST_KEY_UILaunchStoryboardName = LaunchScreen;
				INFOPLIST_KEY_UIMainStoryboardFile = Main;
				INFOPLIST_KEY_UISupportedInterfaceOrientations_iPad = "UIInterfaceOrientationPortrait UIInterfaceOrientationPortraitUpsideDown UIInterfaceOrientationLandscapeLeft UIInterfaceOrientationLandscapeRight";
				INFOPLIST_KEY_UISupportedInterfaceOrientations_iPhone = "UIInterfaceOrientationPortrait UIInterfaceOrientationLandscapeLeft UIInterfaceOrientationLandscapeRight";
				LD_RUNPATH_SEARCH_PATHS = (
					"$(inherited)",
					"@executable_path/Frameworks",
				);
				MARKETING_VERSION = 1.0;
				NEW_SETTING = "";
				NSMicrophoneUsageDescription = "此应用程序需要访问您的麦克风以便进行语音识别。";
				PRODUCT_BUNDLE_IDENTIFIER = yd.Hear1;
				PRODUCT_NAME = "$(TARGET_NAME)";
				SWIFT_EMIT_LOC_STRINGS = YES;
				SWIFT_VERSION = 5.0;
				TARGETED_DEVICE_FAMILY = "1,2";
			};
			name = Debug;
		};
		DA31EA4029E177E900A4F3B9 /* Release */ = {
			isa = XCBuildConfiguration;
			baseConfigurationReference = F3FC4190DF3C40EC615A9F87 /* Pods-Hear1.release.xcconfig */;
			buildSettings = {
				ASSETCATALOG_COMPILER_APPICON_NAME = AppIcon;
				ASSETCATALOG_COMPILER_GLOBAL_ACCENT_COLOR_NAME = AccentColor;
				CODE_SIGN_STYLE = Automatic;
				CURRENT_PROJECT_VERSION = 1;
				DEVELOPMENT_TEAM = L676QKV8JC;
				GENERATE_INFOPLIST_FILE = YES;
				INFOPLIST_FILE = Hear1/Info.plist;
				INFOPLIST_KEY_LSApplicationCategoryType = Info.plist;
				INFOPLIST_KEY_UIApplicationSupportsIndirectInputEvents = YES;
				INFOPLIST_KEY_UILaunchStoryboardName = LaunchScreen;
				INFOPLIST_KEY_UIMainStoryboardFile = Main;
				INFOPLIST_KEY_UISupportedInterfaceOrientations_iPad = "UIInterfaceOrientationPortrait UIInterfaceOrientationPortraitUpsideDown UIInterfaceOrientationLandscapeLeft UIInterfaceOrientationLandscapeRight";
				INFOPLIST_KEY_UISupportedInterfaceOrientations_iPhone = "UIInterfaceOrientationPortrait UIInterfaceOrientationLandscapeLeft UIInterfaceOrientationLandscapeRight";
				LD_RUNPATH_SEARCH_PATHS = (
					"$(inherited)",
					"@executable_path/Frameworks",
				);
				MARKETING_VERSION = 1.0;
				NEW_SETTING = "";
				NSMicrophoneUsageDescription = "此应用程序需要访问您的麦克风以便进行语音识别。";
				PRODUCT_BUNDLE_IDENTIFIER = yd.Hear1;
				PRODUCT_NAME = "$(TARGET_NAME)";
				SWIFT_EMIT_LOC_STRINGS = YES;
				SWIFT_VERSION = 5.0;
				TARGETED_DEVICE_FAMILY = "1,2";
			};
			name = Release;
		};
		DA31EA4229E177E900A4F3B9 /* Debug */ = {
			isa = XCBuildConfiguration;
			buildSettings = {
				ALWAYS_EMBED_SWIFT_STANDARD_LIBRARIES = YES;
				BUNDLE_LOADER = "$(TEST_HOST)";
				CODE_SIGN_STYLE = Automatic;
				CURRENT_PROJECT_VERSION = 1;
				DEVELOPMENT_TEAM = L676QKV8JC;
				GENERATE_INFOPLIST_FILE = YES;
				IPHONEOS_DEPLOYMENT_TARGET = 16.4;
				MARKETING_VERSION = 1.0;
				PRODUCT_BUNDLE_IDENTIFIER = yd.Hear1Tests;
				PRODUCT_NAME = "$(TARGET_NAME)";
				SWIFT_EMIT_LOC_STRINGS = NO;
				SWIFT_VERSION = 5.0;
				TARGETED_DEVICE_FAMILY = "1,2";
				TEST_HOST = "$(BUILT_PRODUCTS_DIR)/Hear1.app/$(BUNDLE_EXECUTABLE_FOLDER_PATH)/Hear1";
			};
			name = Debug;
		};
		DA31EA4329E177E900A4F3B9 /* Release */ = {
			isa = XCBuildConfiguration;
			buildSettings = {
				ALWAYS_EMBED_SWIFT_STANDARD_LIBRARIES = YES;
				BUNDLE_LOADER = "$(TEST_HOST)";
				CODE_SIGN_STYLE = Automatic;
				CURRENT_PROJECT_VERSION = 1;
				DEVELOPMENT_TEAM = L676QKV8JC;
				GENERATE_INFOPLIST_FILE = YES;
				IPHONEOS_DEPLOYMENT_TARGET = 16.4;
				MARKETING_VERSION = 1.0;
				PRODUCT_BUNDLE_IDENTIFIER = yd.Hear1Tests;
				PRODUCT_NAME = "$(TARGET_NAME)";
				SWIFT_EMIT_LOC_STRINGS = NO;
				SWIFT_VERSION = 5.0;
				TARGETED_DEVICE_FAMILY = "1,2";
				TEST_HOST = "$(BUILT_PRODUCTS_DIR)/Hear1.app/$(BUNDLE_EXECUTABLE_FOLDER_PATH)/Hear1";
			};
			name = Release;
		};
		DA31EA4529E177E900A4F3B9 /* Debug */ = {
			isa = XCBuildConfiguration;
			buildSettings = {
				ALWAYS_EMBED_SWIFT_STANDARD_LIBRARIES = YES;
				CODE_SIGN_STYLE = Automatic;
				CURRENT_PROJECT_VERSION = 1;
				DEVELOPMENT_TEAM = L676QKV8JC;
				GENERATE_INFOPLIST_FILE = YES;
				MARKETING_VERSION = 1.0;
				PRODUCT_BUNDLE_IDENTIFIER = yd.Hear1UITests;
				PRODUCT_NAME = "$(TARGET_NAME)";
				SWIFT_EMIT_LOC_STRINGS = NO;
				SWIFT_VERSION = 5.0;
				TARGETED_DEVICE_FAMILY = "1,2";
				TEST_TARGET_NAME = Hear1;
			};
			name = Debug;
		};
		DA31EA4629E177E900A4F3B9 /* Release */ = {
			isa = XCBuildConfiguration;
			buildSettings = {
				ALWAYS_EMBED_SWIFT_STANDARD_LIBRARIES = YES;
				CODE_SIGN_STYLE = Automatic;
				CURRENT_PROJECT_VERSION = 1;
				DEVELOPMENT_TEAM = L676QKV8JC;
				GENERATE_INFOPLIST_FILE = YES;
				MARKETING_VERSION = 1.0;
				PRODUCT_BUNDLE_IDENTIFIER = yd.Hear1UITests;
				PRODUCT_NAME = "$(TARGET_NAME)";
				SWIFT_EMIT_LOC_STRINGS = NO;
				SWIFT_VERSION = 5.0;
				TARGETED_DEVICE_FAMILY = "1,2";
				TEST_TARGET_NAME = Hear1;
			};
			name = Release;
		};
/* End XCBuildConfiguration section */

/* Begin XCConfigurationList section */
		DA31EA0F29E177E700A4F3B9 /* Build configuration list for PBXProject "Hear1" */ = {
			isa = XCConfigurationList;
			buildConfigurations = (
				DA31EA3C29E177E900A4F3B9 /* Debug */,
				DA31EA3D29E177E900A4F3B9 /* Release */,
			);
			defaultConfigurationIsVisible = 0;
			defaultConfigurationName = Release;
		};
		DA31EA3E29E177E900A4F3B9 /* Build configuration list for PBXNativeTarget "Hear1" */ = {
			isa = XCConfigurationList;
			buildConfigurations = (
				DA31EA3F29E177E900A4F3B9 /* Debug */,
				DA31EA4029E177E900A4F3B9 /* Release */,
			);
			defaultConfigurationIsVisible = 0;
			defaultConfigurationName = Release;
		};
		DA31EA4129E177E900A4F3B9 /* Build configuration list for PBXNativeTarget "Hear1Tests" */ = {
			isa = XCConfigurationList;
			buildConfigurations = (
				DA31EA4229E177E900A4F3B9 /* Debug */,
				DA31EA4329E177E900A4F3B9 /* Release */,
			);
			defaultConfigurationIsVisible = 0;
			defaultConfigurationName = Release;
		};
		DA31EA4429E177E900A4F3B9 /* Build configuration list for PBXNativeTarget "Hear1UITests" */ = {
			isa = XCConfigurationList;
			buildConfigurations = (
				DA31EA4529E177E900A4F3B9 /* Debug */,
				DA31EA4629E177E900A4F3B9 /* Release */,
			);
			defaultConfigurationIsVisible = 0;
			defaultConfigurationName = Release;
		};
/* End XCConfigurationList section */
	};
	rootObject = DA31EA0C29E177E700A4F3B9 /* Project object */;
}
